// !$*UTF8*$!
{
	archiveVersion = 1;
	classes = {
	};
	objectVersion = 50;
	objects = {

/* Begin PBXBuildFile section */
		43FBB80AAD3ED0ED1DC11EE4 /* Pods_howlAdmob.framework in Frameworks */ = {isa = PBXBuildFile; fileRef = 9AEF15F1AD1C671C25ED57D8 /* Pods_howlAdmob.framework */; };
		6B054E0D207391820070BFD8 /* AppDelegate.swift in Sources */ = {isa = PBXBuildFile; fileRef = 6B054E0C207391820070BFD8 /* AppDelegate.swift */; };
		6B054E0F207391830070BFD8 /* ViewController.swift in Sources */ = {isa = PBXBuildFile; fileRef = 6B054E0E207391830070BFD8 /* ViewController.swift */; };
		6B054E12207391830070BFD8 /* Main.storyboard in Resources */ = {isa = PBXBuildFile; fileRef = 6B054E10207391830070BFD8 /* Main.storyboard */; };
		6B054E14207391830070BFD8 /* Assets.xcassets in Resources */ = {isa = PBXBuildFile; fileRef = 6B054E13207391830070BFD8 /* Assets.xcassets */; };
		6B054E17207391830070BFD8 /* LaunchScreen.storyboard in Resources */ = {isa = PBXBuildFile; fileRef = 6B054E15207391830070BFD8 /* LaunchScreen.storyboard */; };
		6B054E1F207397070070BFD8 /* GoogleService-Info.plist in Resources */ = {isa = PBXBuildFile; fileRef = 6B054E1E207397070070BFD8 /* GoogleService-Info.plist */; };
/* End PBXBuildFile section */

/* Begin PBXFileReference section */
		4205608B84FE307FEFFCF44D /* Pods-howlAdmob.release.xcconfig */ = {isa = PBXFileReference; includeInIndex = 1; lastKnownFileType = text.xcconfig; name = "Pods-howlAdmob.release.xcconfig"; path = "Pods/Target Support Files/Pods-howlAdmob/Pods-howlAdmob.release.xcconfig"; sourceTree = "<group>"; };
		6B054E09207391820070BFD8 /* howlAdmob.app */ = {isa = PBXFileReference; explicitFileType = wrapper.application; includeInIndex = 0; path = howlAdmob.app; sourceTree = BUILT_PRODUCTS_DIR; };
		6B054E0C207391820070BFD8 /* AppDelegate.swift */ = {isa = PBXFileReference; lastKnownFileType = sourcecode.swift; path = AppDelegate.swift; sourceTree = "<group>"; };
		6B054E0E207391830070BFD8 /* ViewController.swift */ = {isa = PBXFileReference; lastKnownFileType = sourcecode.swift; path = ViewController.swift; sourceTree = "<group>"; };
		6B054E11207391830070BFD8 /* Base */ = {isa = PBXFileReference; lastKnownFileType = file.storyboard; name = Base; path = Base.lproj/Main.storyboard; sourceTree = "<group>"; };
		6B054E13207391830070BFD8 /* Assets.xcassets */ = {isa = PBXFileReference; lastKnownFileType = folder.assetcatalog; path = Assets.xcassets; sourceTree = "<group>"; };
		6B054E16207391830070BFD8 /* Base */ = {isa = PBXFileReference; lastKnownFileType = file.storyboard; name = Base; path = Base.lproj/LaunchScreen.storyboard; sourceTree = "<group>"; };
		6B054E18207391830070BFD8 /* Info.plist */ = {isa = PBXFileReference; lastKnownFileType = text.plist.xml; path = Info.plist; sourceTree = "<group>"; };
		6B054E1E207397070070BFD8 /* GoogleService-Info.plist */ = {isa = PBXFileReference; fileEncoding = 4; lastKnownFileType = text.plist.xml; path = "GoogleService-Info.plist"; sourceTree = "<group>"; };
		9AEF15F1AD1C671C25ED57D8 /* Pods_howlAdmob.framework */ = {isa = PBXFileReference; explicitFileType = wrapper.framework; includeInIndex = 0; path = Pods_howlAdmob.framework; sourceTree = BUILT_PRODUCTS_DIR; };
		F916DA62DF6A4914FED789D8 /* Pods-howlAdmob.debug.xcconfig */ = {isa = PBXFileReference; includeInIndex = 1; lastKnownFileType = text.xcconfig; name = "Pods-howlAdmob.debug.xcconfig"; path = "Pods/Target Support Files/Pods-howlAdmob/Pods-howlAdmob.debug.xcconfig"; sourceTree = "<group>"; };
/* End PBXFileReference section */

/* Begin PBXFrameworksBuildPhase section */
		6B054E06207391820070BFD8 /* Frameworks */ = {
			isa = PBXFrameworksBuildPhase;
			buildActionMask = 2147483647;
			files = (
				43FBB80AAD3ED0ED1DC11EE4 /* Pods_howlAdmob.framework in Frameworks */,
			);
			runOnlyForDeploymentPostprocessing = 0;
		};
/* End PBXFrameworksBuildPhase section */

/* Begin PBXGroup section */
		6B054E00207391820070BFD8 = {
			isa = PBXGroup;
			children = (
				6B054E0B207391820070BFD8 /* howlAdmob */,
				6B054E0A207391820070BFD8 /* Products */,
				C4E0DCA861D29FC624E98563 /* Pods */,
				D12653C39CECA2025BDA3324 /* Frameworks */,
			);
			sourceTree = "<group>";
		};
		6B054E0A207391820070BFD8 /* Products */ = {
			isa = PBXGroup;
			children = (
				6B054E09207391820070BFD8 /* howlAdmob.app */,
			);
			name = Products;
			sourceTree = "<group>";
		};
		6B054E0B207391820070BFD8 /* howlAdmob */ = {
			isa = PBXGroup;
			children = (
				6B054E0C207391820070BFD8 /* AppDelegate.swift */,
				6B054E0E207391830070BFD8 /* ViewController.swift */,
				6B054E10207391830070BFD8 /* Main.storyboard */,
				6B054E13207391830070BFD8 /* Assets.xcassets */,
				6B054E1E207397070070BFD8 /* GoogleService-Info.plist */,
				6B054E15207391830070BFD8 /* LaunchScreen.storyboard */,
				6B054E18207391830070BFD8 /* Info.plist */,
			);
			path = howlAdmob;
			sourceTree = "<group>";
		};
		C4E0DCA861D29FC624E98563 /* Pods */ = {
			isa = PBXGroup;
			children = (
				F916DA62DF6A4914FED789D8 /* Pods-howlAdmob.debug.xcconfig */,
				4205608B84FE307FEFFCF44D /* Pods-howlAdmob.release.xcconfig */,
			);
			name = Pods;
			sourceTree = "<group>";
		};
		D12653C39CECA2025BDA3324 /* Frameworks */ = {
			isa = PBXGroup;
			children = (
				9AEF15F1AD1C671C25ED57D8 /* Pods_howlAdmob.framework */,
			);
			name = Frameworks;
			sourceTree = "<group>";
		};
/* End PBXGroup section */

/* Begin PBXNativeTarget section */
		6B054E08207391820070BFD8 /* howlAdmob */ = {
			isa = PBXNativeTarget;
			buildConfigurationList = 6B054E1B207391830070BFD8 /* Build configuration list for PBXNativeTarget "howlAdmob" */;
			buildPhases = (
				28CC04874DA611D90C0ADDED /* [CP] Check Pods Manifest.lock */,
				6B054E05207391820070BFD8 /* Sources */,
				6B054E06207391820070BFD8 /* Frameworks */,
				6B054E07207391820070BFD8 /* Resources */,
				24DEFF870DC313C10C8AC2C1 /* [CP] Embed Pods Frameworks */,
				F990EF5837F3EF3D47291A34 /* [CP] Copy Pods Resources */,
			);
			buildRules = (
			);
			dependencies = (
			);
			name = howlAdmob;
			productName = howlAdmob;
			productReference = 6B054E09207391820070BFD8 /* howlAdmob.app */;
			productType = "com.apple.product-type.application";
		};
/* End PBXNativeTarget section */

/* Begin PBXProject section */
		6B054E01207391820070BFD8 /* Project object */ = {
			isa = PBXProject;
			attributes = {
				LastSwiftUpdateCheck = 0930;
				LastUpgradeCheck = 0930;
				ORGANIZATIONNAME = "김문옥";
				TargetAttributes = {
					6B054E08207391820070BFD8 = {
						CreatedOnToolsVersion = 9.3;
					};
				};
			};
			buildConfigurationList = 6B054E04207391820070BFD8 /* Build configuration list for PBXProject "howlAdmob" */;
			compatibilityVersion = "Xcode 9.3";
			developmentRegion = en;
			hasScannedForEncodings = 0;
			knownRegions = (
				en,
				Base,
			);
			mainGroup = 6B054E00207391820070BFD8;
			productRefGroup = 6B054E0A207391820070BFD8 /* Products */;
			projectDirPath = "";
			projectRoot = "";
			targets = (
				6B054E08207391820070BFD8 /* howlAdmob */,
			);
		};
/* End PBXProject section */

/* Begin PBXResourcesBuildPhase section */
		6B054E07207391820070BFD8 /* Resources */ = {
			isa = PBXResourcesBuildPhase;
			buildActionMask = 2147483647;
			files = (
				6B054E17207391830070BFD8 /* LaunchScreen.storyboard in Resources */,
				6B054E1F207397070070BFD8 /* GoogleService-Info.plist in Resources */,
				6B054E14207391830070BFD8 /* Assets.xcassets in Resources */,
				6B054E12207391830070BFD8 /* Main.storyboard in Resources */,
			);
			runOnlyForDeploymentPostprocessing = 0;
		};
/* End PBXResourcesBuildPhase section */

/* Begin PBXShellScriptBuildPhase section */
		24DEFF870DC313C10C8AC2C1 /* [CP] Embed Pods Frameworks */ = {
			isa = PBXShellScriptBuildPhase;
			buildActionMask = 2147483647;
			files = (
			);
			inputPaths = (
				"${SRCROOT}/Pods/Target Support Files/Pods-howlAdmob/Pods-howlAdmob-frameworks.sh",
				"${BUILT_PRODUCTS_DIR}/GoogleToolboxForMac/GoogleToolboxForMac.framework",
				"${BUILT_PRODUCTS_DIR}/nanopb/nanopb.framework",
			);
			name = "[CP] Embed Pods Frameworks";
			outputPaths = (
				"${TARGET_BUILD_DIR}/${FRAMEWORKS_FOLDER_PATH}/GoogleToolboxForMac.framework",
				"${TARGET_BUILD_DIR}/${FRAMEWORKS_FOLDER_PATH}/nanopb.framework",
			);
			runOnlyForDeploymentPostprocessing = 0;
			shellPath = /bin/sh;
			shellScript = "\"${SRCROOT}/Pods/Target Support Files/Pods-howlAdmob/Pods-howlAdmob-frameworks.sh\"\n";
			showEnvVarsInLog = 0;
		};
		28CC04874DA611D90C0ADDED /* [CP] Check Pods Manifest.lock */ = {
			isa = PBXShellScriptBuildPhase;
			buildActionMask = 2147483647;
			files = (
			);
			inputPaths = (
				"${PODS_PODFILE_DIR_PATH}/Podfile.lock",
				"${PODS_ROOT}/Manifest.lock",
			);
			name = "[CP] Check Pods Manifest.lock";
			outputPaths = (
				"$(DERIVED_FILE_DIR)/Pods-howlAdmob-checkManifestLockResult.txt",
			);
			runOnlyForDeploymentPostprocessing = 0;
			shellPath = /bin/sh;
			shellScript = "diff \"${PODS_PODFILE_DIR_PATH}/Podfile.lock\" \"${PODS_ROOT}/Manifest.lock\" > /dev/null\nif [ $? != 0 ] ; then\n    # print error to STDERR\n    echo \"error: The sandbox is not in sync with the Podfile.lock. Run 'pod install' or update your CocoaPods installation.\" >&2\n    exit 1\nfi\n# This output is used by Xcode 'outputs' to avoid re-running this script phase.\necho \"SUCCESS\" > \"${SCRIPT_OUTPUT_FILE_0}\"\n";
			showEnvVarsInLog = 0;
		};
		F990EF5837F3EF3D47291A34 /* [CP] Copy Pods Resources */ = {
			isa = PBXShellScriptBuildPhase;
			buildActionMask = 2147483647;
			files = (
			);
			inputPaths = (
			);
			name = "[CP] Copy Pods Resources";
			outputPaths = (
			);
			runOnlyForDeploymentPostprocessing = 0;
			shellPath = /bin/sh;
			shellScript = "\"${SRCROOT}/Pods/Target Support Files/Pods-howlAdmob/Pods-howlAdmob-resources.sh\"\n";
			showEnvVarsInLog = 0;
		};
/* End PBXShellScriptBuildPhase section */

/* Begin PBXSourcesBuildPhase section */
		6B054E05207391820070BFD8 /* Sources */ = {
			isa = PBXSourcesBuildPhase;
			buildActionMask = 2147483647;
			files = (
				6B054E0F207391830070BFD8 /* ViewController.swift in Sources */,
				6B054E0D207391820070BFD8 /* AppDelegate.swift in Sources */,
			);
			runOnlyForDeploymentPostprocessing = 0;
		};
/* End PBXSourcesBuildPhase section */

/* Begin PBXVariantGroup section */
		6B054E10207391830070BFD8 /* Main.storyboard */ = {
			isa = PBXVariantGroup;
			children = (
				6B054E11207391830070BFD8 /* Base */,
			);
			name = Main.storyboard;
			sourceTree = "<group>";
		};
		6B054E15207391830070BFD8 /* LaunchScreen.storyboard */ = {
			isa = PBXVariantGroup;
			children = (
				6B054E16207391830070BFD8 /* Base */,
			);
			name = LaunchScreen.storyboard;
			sourceTree = "<group>";
		};
/* End PBXVariantGroup section */

/* Begin XCBuildConfiguration section */
		6B054E19207391830070BFD8 /* Debug */ = {
			isa = XCBuildConfiguration;
			buildSettings = {
				ALWAYS_SEARCH_USER_PATHS = NO;
				CLANG_ANALYZER_NONNULL = YES;
				CLANG_ANALYZER_NUMBER_OBJECT_CONVERSION = YES_AGGRESSIVE;
				CLANG_CXX_LANGUAGE_STANDARD = "gnu++14";
				CLANG_CXX_LIBRARY = "libc++";
				CLANG_ENABLE_MODULES = YES;
				CLANG_ENABLE_OBJC_ARC = YES;
				CLANG_ENABLE_OBJC_WEAK = YES;
				CLANG_WARN_BLOCK_CAPTURE_AUTORELEASING = YES;
				CLANG_WARN_BOOL_CONVERSION = YES;
				CLANG_WARN_COMMA = YES;
				CLANG_WARN_CONSTANT_CONVERSION = YES;
				CLANG_WARN_DEPRECATED_OBJC_IMPLEMENTATIONS = YES;
				CLANG_WARN_DIRECT_OBJC_ISA_USAGE = YES_ERROR;
				CLANG_WARN_DOCUMENTATION_COMMENTS = YES;
				CLANG_WARN_EMPTY_BODY = YES;
				CLANG_WARN_ENUM_CONVERSION = YES;
				CLANG_WARN_INFINITE_RECURSION = YES;
				CLANG_WARN_INT_CONVERSION = YES;
				CLANG_WARN_NON_LITERAL_NULL_CONVERSION = YES;
				CLANG_WARN_OBJC_IMPLICIT_RETAIN_SELF = YES;
				CLANG_WARN_OBJC_LITERAL_CONVERSION = YES;
				CLANG_WARN_OBJC_ROOT_CLASS = YES_ERROR;
				CLANG_WARN_RANGE_LOOP_ANALYSIS = YES;
				CLANG_WARN_STRICT_PROTOTYPES = YES;
				CLANG_WARN_SUSPICIOUS_MOVE = YES;
				CLANG_WARN_UNGUARDED_AVAILABILITY = YES_AGGRESSIVE;
				CLANG_WARN_UNREACHABLE_CODE = YES;
				CLANG_WARN__DUPLICATE_METHOD_MATCH = YES;
				CODE_SIGN_IDENTITY = "iPhone Developer";
				COPY_PHASE_STRIP = NO;
				DEBUG_INFORMATION_FORMAT = dwarf;
				ENABLE_STRICT_OBJC_MSGSEND = YES;
				ENABLE_TESTABILITY = YES;
				GCC_C_LANGUAGE_STANDARD = gnu11;
				GCC_DYNAMIC_NO_PIC = NO;
				GCC_NO_COMMON_BLOCKS = YES;
				GCC_OPTIMIZATION_LEVEL = 0;
				GCC_PREPROCESSOR_DEFINITIONS = (
					"DEBUG=1",
					"$(inherited)",
				);
				GCC_WARN_64_TO_32_BIT_CONVERSION = YES;
				GCC_WARN_ABOUT_RETURN_TYPE = YES_ERROR;
				GCC_WARN_UNDECLARED_SELECTOR = YES;
				GCC_WARN_UNINITIALIZED_AUTOS = YES_AGGRESSIVE;
				GCC_WARN_UNUSED_FUNCTION = YES;
				GCC_WARN_UNUSED_VARIABLE = YES;
				IPHONEOS_DEPLOYMENT_TARGET = 11.3;
				MTL_ENABLE_DEBUG_INFO = YES;
				ONLY_ACTIVE_ARCH = YES;
				SDKROOT = iphoneos;
				SWIFT_ACTIVE_COMPILATION_CONDITIONS = DEBUG;
				SWIFT_OPTIMIZATION_LEVEL = "-Onone";
			};
			name = Debug;
		};
		6B054E1A207391830070BFD8 /* Release */ = {
			isa = XCBuildConfiguration;
			buildSettings = {
				ALWAYS_SEARCH_USER_PATHS = NO;
				CLANG_ANALYZER_NONNULL = YES;
				CLANG_ANALYZER_NUMBER_OBJECT_CONVERSION = YES_AGGRESSIVE;
				CLANG_CXX_LANGUAGE_STANDARD = "gnu++14";
				CLANG_CXX_LIBRARY = "libc++";
				CLANG_ENABLE_MODULES = YES;
				CLANG_ENABLE_OBJC_ARC = YES;
				CLANG_ENABLE_OBJC_WEAK = YES;
				CLANG_WARN_BLOCK_CAPTURE_AUTORELEASING = YES;
				CLANG_WARN_BOOL_CONVERSION = YES;
				CLANG_WARN_COMMA = YES;
				CLANG_WARN_CONSTANT_CONVERSION = YES;
				CLANG_WARN_DEPRECATED_OBJC_IMPLEMENTATIONS = YES;
				CLANG_WARN_DIRECT_OBJC_ISA_USAGE = YES_ERROR;
				CLANG_WARN_DOCUMENTATION_COMMENTS = YES;
				CLANG_WARN_EMPTY_BODY = YES;
				CLANG_WARN_ENUM_CONVERSION = YES;
				CLANG_WARN_INFINITE_RECURSION = YES;
				CLANG_WARN_INT_CONVERSION = YES;
				CLANG_WARN_NON_LITERAL_NULL_CONVERSION = YES;
				CLANG_WARN_OBJC_IMPLICIT_RETAIN_SELF = YES;
				CLANG_WARN_OBJC_LITERAL_CONVERSION = YES;
				CLANG_WARN_OBJC_ROOT_CLASS = YES_ERROR;
				CLANG_WARN_RANGE_LOOP_ANALYSIS = YES;
				CLANG_WARN_STRICT_PROTOTYPES = YES;
				CLANG_WARN_SUSPICIOUS_MOVE = YES;
				CLANG_WARN_UNGUARDED_AVAILABILITY = YES_AGGRESSIVE;
				CLANG_WARN_UNREACHABLE_CODE = YES;
				CLANG_WARN__DUPLICATE_METHOD_MATCH = YES;
				CODE_SIGN_IDENTITY = "iPhone Developer";
				COPY_PHASE_STRIP = NO;
				DEBUG_INFORMATION_FORMAT = "dwarf-with-dsym";
				ENABLE_NS_ASSERTIONS = NO;
				ENABLE_STRICT_OBJC_MSGSEND = YES;
				GCC_C_LANGUAGE_STANDARD = gnu11;
				GCC_NO_COMMON_BLOCKS = YES;
				GCC_WARN_64_TO_32_BIT_CONVERSION = YES;
				GCC_WARN_ABOUT_RETURN_TYPE = YES_ERROR;
				GCC_WARN_UNDECLARED_SELECTOR = YES;
				GCC_WARN_UNINITIALIZED_AUTOS = YES_AGGRESSIVE;
				GCC_WARN_UNUSED_FUNCTION = YES;
				GCC_WARN_UNUSED_VARIABLE = YES;
				IPHONEOS_DEPLOYMENT_TARGET = 11.3;
				MTL_ENABLE_DEBUG_INFO = NO;
				SDKROOT = iphoneos;
				SWIFT_COMPILATION_MODE = wholemodule;
				SWIFT_OPTIMIZATION_LEVEL = "-O";
				VALIDATE_PRODUCT = YES;
			};
			name = Release;
		};
		6B054E1C207391830070BFD8 /* Debug */ = {
			isa = XCBuildConfiguration;
			baseConfigurationReference = F916DA62DF6A4914FED789D8 /* Pods-howlAdmob.debug.xcconfig */;
			buildSettings = {
				ASSETCATALOG_COMPILER_APPICON_NAME = AppIcon;
				CODE_SIGN_STYLE = Automatic;
				DEVELOPMENT_TEAM = L2N9WY9T58;
				INFOPLIST_FILE = howlAdmob/Info.plist;
				LD_RUNPATH_SEARCH_PATHS = (
					"$(inherited)",
					"@executable_path/Frameworks",
				);
				PRODUCT_BUNDLE_IDENTIFIER = HelloWorld.Munok.howlAdmob;
				PRODUCT_NAME = "$(TARGET_NAME)";
				SWIFT_VERSION = 4.0;
				TARGETED_DEVICE_FAMILY = "1,2";
			};
			name = Debug;
		};
		6B054E1D207391830070BFD8 /* Release */ = {
			isa = XCBuildConfiguration;
			baseConfigurationReference = 4205608B84FE307FEFFCF44D /* Pods-howlAdmob.release.xcconfig */;
			buildSettings = {
				ASSETCATALOG_COMPILER_APPICON_NAME = AppIcon;
				CODE_SIGN_STYLE = Automatic;
				DEVELOPMENT_TEAM = L2N9WY9T58;
				INFOPLIST_FILE = howlAdmob/Info.plist;
				LD_RUNPATH_SEARCH_PATHS = (
					"$(inherited)",
					"@executable_path/Frameworks",
				);
				PRODUCT_BUNDLE_IDENTIFIER = HelloWorld.Munok.howlAdmob;
				PRODUCT_NAME = "$(TARGET_NAME)";
				SWIFT_VERSION = 4.0;
				TARGETED_DEVICE_FAMILY = "1,2";
			};
			name = Release;
		};
/* End XCBuildConfiguration section */

/* Begin XCConfigurationList section */
		6B054E04207391820070BFD8 /* Build configuration list for PBXProject "howlAdmob" */ = {
			isa = XCConfigurationList;
			buildConfigurations = (
				6B054E19207391830070BFD8 /* Debug */,
				6B054E1A207391830070BFD8 /* Release */,
			);
			defaultConfigurationIsVisible = 0;
			defaultConfigurationName = Release;
		};
		6B054E1B207391830070BFD8 /* Build configuration list for PBXNativeTarget "howlAdmob" */ = {
			isa = XCConfigurationList;
			buildConfigurations = (
				6B054E1C207391830070BFD8 /* Debug */,
				6B054E1D207391830070BFD8 /* Release */,
			);
			defaultConfigurationIsVisible = 0;
			defaultConfigurationName = Release;
		};
/* End XCConfigurationList section */
	};
	rootObject = 6B054E01207391820070BFD8 /* Project object */;
}
