// !$*UTF8*$!
{
	archiveVersion = 1;
	classes = {
	};
	objectVersion = 50;
	objects = {

/* Begin PBXBuildFile section */
		2B42F45D179DD1CEA272AC59 /* Pods_ECommerceSNS.framework in Frameworks */ = {isa = PBXBuildFile; fileRef = 8240F8CD50C8D9CCF88D1FFA /* Pods_ECommerceSNS.framework */; };
		6B774653212E90A900A78AE7 /* AppDelegate.swift in Sources */ = {isa = PBXBuildFile; fileRef = 6B774652212E90A900A78AE7 /* AppDelegate.swift */; };
		6B774655212E90A900A78AE7 /* ViewController.swift in Sources */ = {isa = PBXBuildFile; fileRef = 6B774654212E90A900A78AE7 /* ViewController.swift */; };
		6B774658212E90A900A78AE7 /* Main.storyboard in Resources */ = {isa = PBXBuildFile; fileRef = 6B774656212E90A900A78AE7 /* Main.storyboard */; };
		6B77465A212E90AA00A78AE7 /* Assets.xcassets in Resources */ = {isa = PBXBuildFile; fileRef = 6B774659212E90AA00A78AE7 /* Assets.xcassets */; };
		6B77465D212E90AA00A78AE7 /* LaunchScreen.storyboard in Resources */ = {isa = PBXBuildFile; fileRef = 6B77465B212E90AA00A78AE7 /* LaunchScreen.storyboard */; };
		6B774665212E918100A78AE7 /* GoogleService-Info-2.plist in Resources */ = {isa = PBXBuildFile; fileRef = 6B774664212E918100A78AE7 /* GoogleService-Info-2.plist */; };
/* End PBXBuildFile section */

/* Begin PBXFileReference section */
		6B77464F212E90A900A78AE7 /* ECommerceSNS.app */ = {isa = PBXFileReference; explicitFileType = wrapper.application; includeInIndex = 0; path = ECommerceSNS.app; sourceTree = BUILT_PRODUCTS_DIR; };
		6B774652212E90A900A78AE7 /* AppDelegate.swift */ = {isa = PBXFileReference; lastKnownFileType = sourcecode.swift; path = AppDelegate.swift; sourceTree = "<group>"; };
		6B774654212E90A900A78AE7 /* ViewController.swift */ = {isa = PBXFileReference; lastKnownFileType = sourcecode.swift; path = ViewController.swift; sourceTree = "<group>"; };
		6B774657212E90A900A78AE7 /* Base */ = {isa = PBXFileReference; lastKnownFileType = file.storyboard; name = Base; path = Base.lproj/Main.storyboard; sourceTree = "<group>"; };
		6B774659212E90AA00A78AE7 /* Assets.xcassets */ = {isa = PBXFileReference; lastKnownFileType = folder.assetcatalog; path = Assets.xcassets; sourceTree = "<group>"; };
		6B77465C212E90AA00A78AE7 /* Base */ = {isa = PBXFileReference; lastKnownFileType = file.storyboard; name = Base; path = Base.lproj/LaunchScreen.storyboard; sourceTree = "<group>"; };
		6B77465E212E90AA00A78AE7 /* Info.plist */ = {isa = PBXFileReference; lastKnownFileType = text.plist.xml; path = Info.plist; sourceTree = "<group>"; };
		6B774664212E918100A78AE7 /* GoogleService-Info-2.plist */ = {isa = PBXFileReference; fileEncoding = 4; lastKnownFileType = text.plist.xml; name = "GoogleService-Info-2.plist"; path = "../../../../../../Downloads/GoogleService-Info-2.plist"; sourceTree = "<group>"; };
		8240F8CD50C8D9CCF88D1FFA /* Pods_ECommerceSNS.framework */ = {isa = PBXFileReference; explicitFileType = wrapper.framework; includeInIndex = 0; path = Pods_ECommerceSNS.framework; sourceTree = BUILT_PRODUCTS_DIR; };
		F4FA06154ABC700B2AB534B1 /* Pods-ECommerceSNS.debug.xcconfig */ = {isa = PBXFileReference; includeInIndex = 1; lastKnownFileType = text.xcconfig; name = "Pods-ECommerceSNS.debug.xcconfig"; path = "Pods/Target Support Files/Pods-ECommerceSNS/Pods-ECommerceSNS.debug.xcconfig"; sourceTree = "<group>"; };
		FF5463C2648901C07A33E68C /* Pods-ECommerceSNS.release.xcconfig */ = {isa = PBXFileReference; includeInIndex = 1; lastKnownFileType = text.xcconfig; name = "Pods-ECommerceSNS.release.xcconfig"; path = "Pods/Target Support Files/Pods-ECommerceSNS/Pods-ECommerceSNS.release.xcconfig"; sourceTree = "<group>"; };
/* End PBXFileReference section */

/* Begin PBXFrameworksBuildPhase section */
		6B77464C212E90A900A78AE7 /* Frameworks */ = {
			isa = PBXFrameworksBuildPhase;
			buildActionMask = 2147483647;
			files = (
				2B42F45D179DD1CEA272AC59 /* Pods_ECommerceSNS.framework in Frameworks */,
			);
			runOnlyForDeploymentPostprocessing = 0;
		};
/* End PBXFrameworksBuildPhase section */

/* Begin PBXGroup section */
		6B774646212E90A900A78AE7 = {
			isa = PBXGroup;
			children = (
				6B774651212E90A900A78AE7 /* ECommerceSNS */,
				6B774650212E90A900A78AE7 /* Products */,
				70D6246D434E2A5203C5F58E /* Pods */,
				893ED8BDC465B2AF3740D04E /* Frameworks */,
			);
			sourceTree = "<group>";
		};
		6B774650212E90A900A78AE7 /* Products */ = {
			isa = PBXGroup;
			children = (
				6B77464F212E90A900A78AE7 /* ECommerceSNS.app */,
			);
			name = Products;
			sourceTree = "<group>";
		};
		6B774651212E90A900A78AE7 /* ECommerceSNS */ = {
			isa = PBXGroup;
			children = (
				6B774652212E90A900A78AE7 /* AppDelegate.swift */,
				6B774654212E90A900A78AE7 /* ViewController.swift */,
				6B774656212E90A900A78AE7 /* Main.storyboard */,
				6B774659212E90AA00A78AE7 /* Assets.xcassets */,
				6B774664212E918100A78AE7 /* GoogleService-Info-2.plist */,
				6B77465B212E90AA00A78AE7 /* LaunchScreen.storyboard */,
				6B77465E212E90AA00A78AE7 /* Info.plist */,
			);
			path = ECommerceSNS;
			sourceTree = "<group>";
		};
		70D6246D434E2A5203C5F58E /* Pods */ = {
			isa = PBXGroup;
			children = (
				F4FA06154ABC700B2AB534B1 /* Pods-ECommerceSNS.debug.xcconfig */,
				FF5463C2648901C07A33E68C /* Pods-ECommerceSNS.release.xcconfig */,
			);
			name = Pods;
			sourceTree = "<group>";
		};
		893ED8BDC465B2AF3740D04E /* Frameworks */ = {
			isa = PBXGroup;
			children = (
				8240F8CD50C8D9CCF88D1FFA /* Pods_ECommerceSNS.framework */,
			);
			name = Frameworks;
			sourceTree = "<group>";
		};
/* End PBXGroup section */

/* Begin PBXNativeTarget section */
		6B77464E212E90A900A78AE7 /* ECommerceSNS */ = {
			isa = PBXNativeTarget;
			buildConfigurationList = 6B774661212E90AA00A78AE7 /* Build configuration list for PBXNativeTarget "ECommerceSNS" */;
			buildPhases = (
				F1B6A4C8413710B64CB15910 /* [CP] Check Pods Manifest.lock */,
				6B77464B212E90A900A78AE7 /* Sources */,
				6B77464C212E90A900A78AE7 /* Frameworks */,
				6B77464D212E90A900A78AE7 /* Resources */,
				227B2507E54CB1751D54E228 /* [CP] Embed Pods Frameworks */,
				331E75A9128E4EA3836277C2 /* [CP] Copy Pods Resources */,
			);
			buildRules = (
			);
			dependencies = (
			);
			name = ECommerceSNS;
			productName = ECommerceSNS;
			productReference = 6B77464F212E90A900A78AE7 /* ECommerceSNS.app */;
			productType = "com.apple.product-type.application";
		};
/* End PBXNativeTarget section */

/* Begin PBXProject section */
		6B774647212E90A900A78AE7 /* Project object */ = {
			isa = PBXProject;
			attributes = {
				LastSwiftUpdateCheck = 0940;
				LastUpgradeCheck = 0940;
				ORGANIZATIONNAME = "김문옥";
				TargetAttributes = {
					6B77464E212E90A900A78AE7 = {
						CreatedOnToolsVersion = 9.4.1;
					};
				};
			};
			buildConfigurationList = 6B77464A212E90A900A78AE7 /* Build configuration list for PBXProject "ECommerceSNS" */;
			compatibilityVersion = "Xcode 9.3";
			developmentRegion = en;
			hasScannedForEncodings = 0;
			knownRegions = (
				en,
				Base,
			);
			mainGroup = 6B774646212E90A900A78AE7;
			productRefGroup = 6B774650212E90A900A78AE7 /* Products */;
			projectDirPath = "";
			projectRoot = "";
			targets = (
				6B77464E212E90A900A78AE7 /* ECommerceSNS */,
			);
		};
/* End PBXProject section */

/* Begin PBXResourcesBuildPhase section */
		6B77464D212E90A900A78AE7 /* Resources */ = {
			isa = PBXResourcesBuildPhase;
			buildActionMask = 2147483647;
			files = (
				6B77465D212E90AA00A78AE7 /* LaunchScreen.storyboard in Resources */,
				6B77465A212E90AA00A78AE7 /* Assets.xcassets in Resources */,
				6B774665212E918100A78AE7 /* GoogleService-Info-2.plist in Resources */,
				6B774658212E90A900A78AE7 /* Main.storyboard in Resources */,
			);
			runOnlyForDeploymentPostprocessing = 0;
		};
/* End PBXResourcesBuildPhase section */

/* Begin PBXShellScriptBuildPhase section */
		227B2507E54CB1751D54E228 /* [CP] Embed Pods Frameworks */ = {
			isa = PBXShellScriptBuildPhase;
			buildActionMask = 2147483647;
			files = (
			);
			inputPaths = (
				"${SRCROOT}/Pods/Target Support Files/Pods-ECommerceSNS/Pods-ECommerceSNS-frameworks.sh",
				"${BUILT_PRODUCTS_DIR}/GTMOAuth2/GTMOAuth2.framework",
				"${BUILT_PRODUCTS_DIR}/GTMSessionFetcher/GTMSessionFetcher.framework",
				"${BUILT_PRODUCTS_DIR}/GoogleToolboxForMac/GoogleToolboxForMac.framework",
				"${BUILT_PRODUCTS_DIR}/GoogleUtilities/GoogleUtilities.framework",
				"${BUILT_PRODUCTS_DIR}/nanopb/nanopb.framework",
			);
			name = "[CP] Embed Pods Frameworks";
			outputPaths = (
				"${TARGET_BUILD_DIR}/${FRAMEWORKS_FOLDER_PATH}/GTMOAuth2.framework",
				"${TARGET_BUILD_DIR}/${FRAMEWORKS_FOLDER_PATH}/GTMSessionFetcher.framework",
				"${TARGET_BUILD_DIR}/${FRAMEWORKS_FOLDER_PATH}/GoogleToolboxForMac.framework",
				"${TARGET_BUILD_DIR}/${FRAMEWORKS_FOLDER_PATH}/GoogleUtilities.framework",
				"${TARGET_BUILD_DIR}/${FRAMEWORKS_FOLDER_PATH}/nanopb.framework",
			);
			runOnlyForDeploymentPostprocessing = 0;
			shellPath = /bin/sh;
			shellScript = "\"${SRCROOT}/Pods/Target Support Files/Pods-ECommerceSNS/Pods-ECommerceSNS-frameworks.sh\"\n";
			showEnvVarsInLog = 0;
		};
		331E75A9128E4EA3836277C2 /* [CP] Copy Pods Resources */ = {
			isa = PBXShellScriptBuildPhase;
			buildActionMask = 2147483647;
			files = (
			);
			inputPaths = (
				"${SRCROOT}/Pods/Target Support Files/Pods-ECommerceSNS/Pods-ECommerceSNS-resources.sh",
				"${PODS_ROOT}/GoogleSignIn/Resources/GoogleSignIn.bundle",
			);
			name = "[CP] Copy Pods Resources";
			outputPaths = (
				"${TARGET_BUILD_DIR}/${UNLOCALIZED_RESOURCES_FOLDER_PATH}/GoogleSignIn.bundle",
			);
			runOnlyForDeploymentPostprocessing = 0;
			shellPath = /bin/sh;
			shellScript = "\"${SRCROOT}/Pods/Target Support Files/Pods-ECommerceSNS/Pods-ECommerceSNS-resources.sh\"\n";
			showEnvVarsInLog = 0;
		};
		F1B6A4C8413710B64CB15910 /* [CP] Check Pods Manifest.lock */ = {
			isa = PBXShellScriptBuildPhase;
			buildActionMask = 2147483647;
			files = (
			);
			inputPaths = (
				"${PODS_PODFILE_DIR_PATH}/Podfile.lock",
				"${PODS_ROOT}/Manifest.lock",
			);
			name = "[CP] Check Pods Manifest.lock";
			outputPaths = (
				"$(DERIVED_FILE_DIR)/Pods-ECommerceSNS-checkManifestLockResult.txt",
			);
			runOnlyForDeploymentPostprocessing = 0;
			shellPath = /bin/sh;
			shellScript = "diff \"${PODS_PODFILE_DIR_PATH}/Podfile.lock\" \"${PODS_ROOT}/Manifest.lock\" > /dev/null\nif [ $? != 0 ] ; then\n    # print error to STDERR\n    echo \"error: The sandbox is not in sync with the Podfile.lock. Run 'pod install' or update your CocoaPods installation.\" >&2\n    exit 1\nfi\n# This output is used by Xcode 'outputs' to avoid re-running this script phase.\necho \"SUCCESS\" > \"${SCRIPT_OUTPUT_FILE_0}\"\n";
			showEnvVarsInLog = 0;
		};
/* End PBXShellScriptBuildPhase section */

/* Begin PBXSourcesBuildPhase section */
		6B77464B212E90A900A78AE7 /* Sources */ = {
			isa = PBXSourcesBuildPhase;
			buildActionMask = 2147483647;
			files = (
				6B774655212E90A900A78AE7 /* ViewController.swift in Sources */,
				6B774653212E90A900A78AE7 /* AppDelegate.swift in Sources */,
			);
			runOnlyForDeploymentPostprocessing = 0;
		};
/* End PBXSourcesBuildPhase section */

/* Begin PBXVariantGroup section */
		6B774656212E90A900A78AE7 /* Main.storyboard */ = {
			isa = PBXVariantGroup;
			children = (
				6B774657212E90A900A78AE7 /* Base */,
			);
			name = Main.storyboard;
			sourceTree = "<group>";
		};
		6B77465B212E90AA00A78AE7 /* LaunchScreen.storyboard */ = {
			isa = PBXVariantGroup;
			children = (
				6B77465C212E90AA00A78AE7 /* Base */,
			);
			name = LaunchScreen.storyboard;
			sourceTree = "<group>";
		};
/* End PBXVariantGroup section */

/* Begin XCBuildConfiguration section */
		6B77465F212E90AA00A78AE7 /* Debug */ = {
			isa = XCBuildConfiguration;
			buildSettings = {
				ALWAYS_SEARCH_USER_PATHS = NO;
				CLANG_ANALYZER_NONNULL = YES;
				CLANG_ANALYZER_NUMBER_OBJECT_CONVERSION = YES_AGGRESSIVE;
				CLANG_CXX_LANGUAGE_STANDARD = "gnu++14";
				CLANG_CXX_LIBRARY = "libc++";
				CLANG_ENABLE_MODULES = YES;
				CLANG_ENABLE_OBJC_ARC = YES;
				CLANG_ENABLE_OBJC_WEAK = YES;
				CLANG_WARN_BLOCK_CAPTURE_AUTORELEASING = YES;
				CLANG_WARN_BOOL_CONVERSION = YES;
				CLANG_WARN_COMMA = YES;
				CLANG_WARN_CONSTANT_CONVERSION = YES;
				CLANG_WARN_DEPRECATED_OBJC_IMPLEMENTATIONS = YES;
				CLANG_WARN_DIRECT_OBJC_ISA_USAGE = YES_ERROR;
				CLANG_WARN_DOCUMENTATION_COMMENTS = YES;
				CLANG_WARN_EMPTY_BODY = YES;
				CLANG_WARN_ENUM_CONVERSION = YES;
				CLANG_WARN_INFINITE_RECURSION = YES;
				CLANG_WARN_INT_CONVERSION = YES;
				CLANG_WARN_NON_LITERAL_NULL_CONVERSION = YES;
				CLANG_WARN_OBJC_IMPLICIT_RETAIN_SELF = YES;
				CLANG_WARN_OBJC_LITERAL_CONVERSION = YES;
				CLANG_WARN_OBJC_ROOT_CLASS = YES_ERROR;
				CLANG_WARN_RANGE_LOOP_ANALYSIS = YES;
				CLANG_WARN_STRICT_PROTOTYPES = YES;
				CLANG_WARN_SUSPICIOUS_MOVE = YES;
				CLANG_WARN_UNGUARDED_AVAILABILITY = YES_AGGRESSIVE;
				CLANG_WARN_UNREACHABLE_CODE = YES;
				CLANG_WARN__DUPLICATE_METHOD_MATCH = YES;
				CODE_SIGN_IDENTITY = "iPhone Developer";
				COPY_PHASE_STRIP = NO;
				DEBUG_INFORMATION_FORMAT = dwarf;
				ENABLE_STRICT_OBJC_MSGSEND = YES;
				ENABLE_TESTABILITY = YES;
				GCC_C_LANGUAGE_STANDARD = gnu11;
				GCC_DYNAMIC_NO_PIC = NO;
				GCC_NO_COMMON_BLOCKS = YES;
				GCC_OPTIMIZATION_LEVEL = 0;
				GCC_PREPROCESSOR_DEFINITIONS = (
					"DEBUG=1",
					"$(inherited)",
				);
				GCC_WARN_64_TO_32_BIT_CONVERSION = YES;
				GCC_WARN_ABOUT_RETURN_TYPE = YES_ERROR;
				GCC_WARN_UNDECLARED_SELECTOR = YES;
				GCC_WARN_UNINITIALIZED_AUTOS = YES_AGGRESSIVE;
				GCC_WARN_UNUSED_FUNCTION = YES;
				GCC_WARN_UNUSED_VARIABLE = YES;
				IPHONEOS_DEPLOYMENT_TARGET = 11.4;
				MTL_ENABLE_DEBUG_INFO = YES;
				ONLY_ACTIVE_ARCH = YES;
				SDKROOT = iphoneos;
				SWIFT_ACTIVE_COMPILATION_CONDITIONS = DEBUG;
				SWIFT_OPTIMIZATION_LEVEL = "-Onone";
			};
			name = Debug;
		};
		6B774660212E90AA00A78AE7 /* Release */ = {
			isa = XCBuildConfiguration;
			buildSettings = {
				ALWAYS_SEARCH_USER_PATHS = NO;
				CLANG_ANALYZER_NONNULL = YES;
				CLANG_ANALYZER_NUMBER_OBJECT_CONVERSION = YES_AGGRESSIVE;
				CLANG_CXX_LANGUAGE_STANDARD = "gnu++14";
				CLANG_CXX_LIBRARY = "libc++";
				CLANG_ENABLE_MODULES = YES;
				CLANG_ENABLE_OBJC_ARC = YES;
				CLANG_ENABLE_OBJC_WEAK = YES;
				CLANG_WARN_BLOCK_CAPTURE_AUTORELEASING = YES;
				CLANG_WARN_BOOL_CONVERSION = YES;
				CLANG_WARN_COMMA = YES;
				CLANG_WARN_CONSTANT_CONVERSION = YES;
				CLANG_WARN_DEPRECATED_OBJC_IMPLEMENTATIONS = YES;
				CLANG_WARN_DIRECT_OBJC_ISA_USAGE = YES_ERROR;
				CLANG_WARN_DOCUMENTATION_COMMENTS = YES;
				CLANG_WARN_EMPTY_BODY = YES;
				CLANG_WARN_ENUM_CONVERSION = YES;
				CLANG_WARN_INFINITE_RECURSION = YES;
				CLANG_WARN_INT_CONVERSION = YES;
				CLANG_WARN_NON_LITERAL_NULL_CONVERSION = YES;
				CLANG_WARN_OBJC_IMPLICIT_RETAIN_SELF = YES;
				CLANG_WARN_OBJC_LITERAL_CONVERSION = YES;
				CLANG_WARN_OBJC_ROOT_CLASS = YES_ERROR;
				CLANG_WARN_RANGE_LOOP_ANALYSIS = YES;
				CLANG_WARN_STRICT_PROTOTYPES = YES;
				CLANG_WARN_SUSPICIOUS_MOVE = YES;
				CLANG_WARN_UNGUARDED_AVAILABILITY = YES_AGGRESSIVE;
				CLANG_WARN_UNREACHABLE_CODE = YES;
				CLANG_WARN__DUPLICATE_METHOD_MATCH = YES;
				CODE_SIGN_IDENTITY = "iPhone Developer";
				COPY_PHASE_STRIP = NO;
				DEBUG_INFORMATION_FORMAT = "dwarf-with-dsym";
				ENABLE_NS_ASSERTIONS = NO;
				ENABLE_STRICT_OBJC_MSGSEND = YES;
				GCC_C_LANGUAGE_STANDARD = gnu11;
				GCC_NO_COMMON_BLOCKS = YES;
				GCC_WARN_64_TO_32_BIT_CONVERSION = YES;
				GCC_WARN_ABOUT_RETURN_TYPE = YES_ERROR;
				GCC_WARN_UNDECLARED_SELECTOR = YES;
				GCC_WARN_UNINITIALIZED_AUTOS = YES_AGGRESSIVE;
				GCC_WARN_UNUSED_FUNCTION = YES;
				GCC_WARN_UNUSED_VARIABLE = YES;
				IPHONEOS_DEPLOYMENT_TARGET = 11.4;
				MTL_ENABLE_DEBUG_INFO = NO;
				SDKROOT = iphoneos;
				SWIFT_COMPILATION_MODE = wholemodule;
				SWIFT_OPTIMIZATION_LEVEL = "-O";
				VALIDATE_PRODUCT = YES;
			};
			name = Release;
		};
		6B774662212E90AA00A78AE7 /* Debug */ = {
			isa = XCBuildConfiguration;
			baseConfigurationReference = F4FA06154ABC700B2AB534B1 /* Pods-ECommerceSNS.debug.xcconfig */;
			buildSettings = {
				ASSETCATALOG_COMPILER_APPICON_NAME = AppIcon;
				CODE_SIGN_STYLE = Automatic;
				DEVELOPMENT_TEAM = L2N9WY9T58;
				INFOPLIST_FILE = ECommerceSNS/Info.plist;
				LD_RUNPATH_SEARCH_PATHS = "$(inherited) @executable_path/Frameworks";
				PRODUCT_BUNDLE_IDENTIFIER = HelloWorld.Munok.ECommerceSNS;
				PRODUCT_NAME = "$(TARGET_NAME)";
				SWIFT_VERSION = 4.0;
				TARGETED_DEVICE_FAMILY = "1,2";
			};
			name = Debug;
		};
		6B774663212E90AA00A78AE7 /* Release */ = {
			isa = XCBuildConfiguration;
			baseConfigurationReference = FF5463C2648901C07A33E68C /* Pods-ECommerceSNS.release.xcconfig */;
			buildSettings = {
				ASSETCATALOG_COMPILER_APPICON_NAME = AppIcon;
				CODE_SIGN_STYLE = Automatic;
				DEVELOPMENT_TEAM = L2N9WY9T58;
				INFOPLIST_FILE = ECommerceSNS/Info.plist;
				LD_RUNPATH_SEARCH_PATHS = "$(inherited) @executable_path/Frameworks";
				PRODUCT_BUNDLE_IDENTIFIER = HelloWorld.Munok.ECommerceSNS;
				PRODUCT_NAME = "$(TARGET_NAME)";
				SWIFT_VERSION = 4.0;
				TARGETED_DEVICE_FAMILY = "1,2";
			};
			name = Release;
		};
/* End XCBuildConfiguration section */

/* Begin XCConfigurationList section */
		6B77464A212E90A900A78AE7 /* Build configuration list for PBXProject "ECommerceSNS" */ = {
			isa = XCConfigurationList;
			buildConfigurations = (
				6B77465F212E90AA00A78AE7 /* Debug */,
				6B774660212E90AA00A78AE7 /* Release */,
			);
			defaultConfigurationIsVisible = 0;
			defaultConfigurationName = Release;
		};
		6B774661212E90AA00A78AE7 /* Build configuration list for PBXNativeTarget "ECommerceSNS" */ = {
			isa = XCConfigurationList;
			buildConfigurations = (
				6B774662212E90AA00A78AE7 /* Debug */,
				6B774663212E90AA00A78AE7 /* Release */,
			);
			defaultConfigurationIsVisible = 0;
			defaultConfigurationName = Release;
		};
/* End XCConfigurationList section */
	};
	rootObject = 6B774647212E90A900A78AE7 /* Project object */;
}
